{
  "nodes": {
    "nixpkgs": {
      "locked": {
        "lastModified": 1771409052,
        "narHash": "sha256-iHiVTqyIOvKiEjSS1C08u+X8QrKw2mG03iNeZlpvAKY=",
        "owner": "NixOS",
        "repo": "nixpkgs",
        "rev": "00c65b1b0f67281d15ae0f8ccaecd8f0a4187dae",
        "type": "github"
      },
      "original": {
        "owner": "NixOS",
        "ref": "release-25.11",
        "repo": "nixpkgs",
        "type": "github"
      }
    },
    "root": {
      "inputs": {
        "nixpkgs": "nixpkgs"
      }
    }
  },
  "root": "root",
  "version": 7
}
