{
  "nodes": {
    "nixpkgs": {
      "locked": {
        "lastModified": 1772445607,
        "narHash": "sha256-IfhrRN0ngeQAb5xVhKpNuMkACVNmlU2x8xxt1+dmTlA=",
        "owner": "NixOS",
        "repo": "nixpkgs",
        "rev": "3c85114a44de58ad39aebe16a78b3dabc2ae2fd1",
        "type": "github"
      },
      "original": {
        "owner": "NixOS",
        "ref": "release-25.11",
        "repo": "nixpkgs",
        "type": "github"
      }
    },
    "root": {
      "inputs": {
        "nixpkgs": "nixpkgs"
      }
    }
  },
  "root": "root",
  "version": 7
}
